
Microsoft Visual Studio Solution File, Format Version 12.00
# Visual Studio Version 17
VisualStudioVersion = 17.13.35931.197 d17.13
MinimumVisualStudioVersion = 10.0.40219.1
Project("{FAE04EC0-301F-11D3-BF4B-00C04F79EFBC}") = "PhoenixLauncher", "PhoenixLauncher\PhoenixLauncher.csproj", "{8E3FAB24-CE04-4813-AED7-6762490EA36D}"
EndProject
Global
	GlobalSection(SolutionConfigurationPlatforms) = preSolution
		Debug|Any CPU = Debug|Any CPU
		Release|Any CPU = Release|Any CPU
	EndGlobalSection
	GlobalSection(ProjectConfigurationPlatforms) = postSolution
		{8E3FAB24-CE04-4813-AED7-6762490EA36D}.Debug|Any CPU.ActiveCfg = Debug|Any CPU
		{8E3FAB24-CE04-4813-AED7-6762490EA36D}.Debug|Any CPU.Build.0 = Debug|Any CPU
		{8E3FAB24-CE04-4813-AED7-6762490EA36D}.Release|Any CPU.ActiveCfg = Release|Any CPU
		{8E3FAB24-CE04-4813-AED7-6762490EA36D}.Release|Any CPU.Build.0 = Release|Any CPU
	EndGlobalSection
	GlobalSection(SolutionProperties) = preSolution
		HideSolutionNode = FALSE
	EndGlobalSection
	GlobalSection(ExtensibilityGlobals) = postSolution
		SolutionGuid = {84CFDFC3-D665-40D6-86C6-D03E3E47E117}
	EndGlobalSection
EndGlobal
